
Microsoft Visual Studio Solution File, Format Version 12.00
# Visual Studio Version 16
VisualStudioVersion = 16.0.28803.156
MinimumVisualStudioVersion = 10.0.40219.1
Project("{8BC9CEB8-8B4A-11D0-8D11-00A0C91BC942}") = "DSA_Assignment", "DSA_Assignment\DSA_Assignment.vcxproj", "{52CE1919-F227-44A6-AB91-6521E003D512}"
EndProject
Global
	GlobalSection(SolutionConfigurationPlatforms) = preSolution
		Debug|x64 = Debug|x64
		Debug|x86 = Debug|x86
		Release|x64 = Release|x64
		Release|x86 = Release|x86
	EndGlobalSection
	GlobalSection(ProjectConfigurationPlatforms) = postSolution
		{52CE1919-F227-44A6-AB91-6521E003D512}.Debug|x64.ActiveCfg = Debug|x64
		{52CE1919-F227-44A6-AB91-6521E003D512}.Debug|x64.Build.0 = Debug|x64
		{52CE1919-F227-44A6-AB91-6521E003D512}.Debug|x86.ActiveCfg = Debug|Win32
		{52CE1919-F227-44A6-AB91-6521E003D512}.Debug|x86.Build.0 = Debug|Win32
		{52CE1919-F227-44A6-AB91-6521E003D512}.Release|x64.ActiveCfg = Release|x64
		{52CE1919-F227-44A6-AB91-6521E003D512}.Release|x64.Build.0 = Release|x64
		{52CE1919-F227-44A6-AB91-6521E003D512}.Release|x86.ActiveCfg = Release|Win32
		{52CE1919-F227-44A6-AB91-6521E003D512}.Release|x86.Build.0 = Release|Win32
	EndGlobalSection
	GlobalSection(SolutionProperties) = preSolution
		HideSolutionNode = FALSE
	EndGlobalSection
	GlobalSection(ExtensibilityGlobals) = postSolution
		SolutionGuid = {D8558068-80C2-4D76-9896-6254A52D31C0}
	EndGlobalSection
EndGlobal
